
Microsoft Visual Studio Solution File, Format Version 12.00
# Visual Studio Version 16
VisualStudioVersion = 16.0.30523.141
MinimumVisualStudioVersion = 10.0.40219.1
Project("{FAE04EC0-301F-11D3-BF4B-00C04F79EFBC}") = "Baciu_Theodora_Project", "Baciu_Theodora_Project.csproj", "{259A892F-B0CE-4C63-8157-60AF85AC173E}"
EndProject
Project("{FAE04EC0-301F-11D3-BF4B-00C04F79EFBC}") = "ComputerLotModel", "..\ComputerLotModel\ComputerLotModel.csproj", "{4CC23100-887C-460B-8EAA-59F64D1F6AE6}"
EndProject
Global
	GlobalSection(SolutionConfigurationPlatforms) = preSolution
		Debug|Any CPU = Debug|Any CPU
		Release|Any CPU = Release|Any CPU
	EndGlobalSection
	GlobalSection(ProjectConfigurationPlatforms) = postSolution
		{259A892F-B0CE-4C63-8157-60AF85AC173E}.Debug|Any CPU.ActiveCfg = Debug|Any CPU
		{259A892F-B0CE-4C63-8157-60AF85AC173E}.Debug|Any CPU.Build.0 = Debug|Any CPU
		{259A892F-B0CE-4C63-8157-60AF85AC173E}.Release|Any CPU.ActiveCfg = Release|Any CPU
		{259A892F-B0CE-4C63-8157-60AF85AC173E}.Release|Any CPU.Build.0 = Release|Any CPU
		{4CC23100-887C-460B-8EAA-59F64D1F6AE6}.Debug|Any CPU.ActiveCfg = Debug|Any CPU
		{4CC23100-887C-460B-8EAA-59F64D1F6AE6}.Debug|Any CPU.Build.0 = Debug|Any CPU
		{4CC23100-887C-460B-8EAA-59F64D1F6AE6}.Release|Any CPU.ActiveCfg = Release|Any CPU
		{4CC23100-887C-460B-8EAA-59F64D1F6AE6}.Release|Any CPU.Build.0 = Release|Any CPU
	EndGlobalSection
	GlobalSection(SolutionProperties) = preSolution
		HideSolutionNode = FALSE
	EndGlobalSection
	GlobalSection(ExtensibilityGlobals) = postSolution
		SolutionGuid = {AD1D7528-D20C-460A-900B-2D7A8F81BFF4}
	EndGlobalSection
EndGlobal
